
Microsoft Visual Studio Solution File, Format Version 12.00
# Visual Studio 2012
Project("{FAE04EC0-301F-11D3-BF4B-00C04F79EFBC}") = "ConnectUTS", "ConnectUTS\ConnectUTS.csproj", "{6E5FCB27-B3E2-4B62-A081-1246713E841B}"
EndProject
Project("{FAE04EC0-301F-11D3-BF4B-00C04F79EFBC}") = "ConnectUTS.UITests", "ConnectUTS.UITests\ConnectUTS.UITests.csproj", "{F828F5CC-21C4-4830-8C9D-FBCBF73AB157}"
EndProject
Global
	GlobalSection(SolutionConfigurationPlatforms) = preSolution
		Debug|Any CPU = Debug|Any CPU
		Release|Any CPU = Release|Any CPU
	EndGlobalSection
	GlobalSection(ProjectConfigurationPlatforms) = postSolution
		{6E5FCB27-B3E2-4B62-A081-1246713E841B}.Debug|Any CPU.ActiveCfg = Debug|Any CPU
		{6E5FCB27-B3E2-4B62-A081-1246713E841B}.Debug|Any CPU.Build.0 = Debug|Any CPU
		{6E5FCB27-B3E2-4B62-A081-1246713E841B}.Release|Any CPU.ActiveCfg = Release|Any CPU
		{6E5FCB27-B3E2-4B62-A081-1246713E841B}.Release|Any CPU.Build.0 = Release|Any CPU
		{F828F5CC-21C4-4830-8C9D-FBCBF73AB157}.Debug|Any CPU.ActiveCfg = Debug|Any CPU
		{F828F5CC-21C4-4830-8C9D-FBCBF73AB157}.Debug|Any CPU.Build.0 = Debug|Any CPU
		{F828F5CC-21C4-4830-8C9D-FBCBF73AB157}.Release|Any CPU.ActiveCfg = Release|Any CPU
		{F828F5CC-21C4-4830-8C9D-FBCBF73AB157}.Release|Any CPU.Build.0 = Release|Any CPU
	EndGlobalSection
EndGlobal
